
Microsoft Visual Studio Solution File, Format Version 12.00
# Visual Studio Version 16
VisualStudioVersion = 16.0.33927.289
MinimumVisualStudioVersion = 10.0.40219.1
Project("{2150E333-8FDC-42A3-9474-1A3956D46DE8}") = "task0", "task0", "{9B53AAB2-CDC9-4FDB-BA73-6D895469F497}"
EndProject
Project("{8BC9CEB8-8B4A-11D0-8D11-00A0C91BC942}") = "Tyuiu.GorovenkoGV.Sprint0.Task0.V0", "Tyuiu.GorovenkoGV.Sprint0.Task0.V0\Tyuiu.GorovenkoGV.Sprint0.Task0.V0.vcxproj", "{9A4AF89E-9E8B-4765-8A9E-F2F3BFF9DB90}"
EndProject
Project("{2150E333-8FDC-42A3-9474-1A3956D46DE8}") = "task1", "task1", "{4881E7BE-6620-4CD2-B084-878E44F6F00C}"
EndProject
Project("{8BC9CEB8-8B4A-11D0-8D11-00A0C91BC942}") = "Tyuiu.GorovenkoGV.Sprint0.Task1.V0", "Tyuiu.GorovenkoGV.Sprint0.Task1.V0\Tyuiu.GorovenkoGV.Sprint0.Task1.V0.vcxproj", "{BDE5E8DF-8C2E-40A6-B5DE-32162575F186}"
EndProject
Project("{8BC9CEB8-8B4A-11D0-8D11-00A0C91BC942}") = "Tyuiu.GorovenkoGV.Sprint0.Task2.V0", "Tyuiu.GorovenkoGV.Sprint0.Task2.V0\Tyuiu.GorovenkoGV.Sprint0.Task2.V0.vcxproj", "{238BB614-8BE5-4CA1-ACB9-FA3579F0F642}"
EndProject
Project("{8BC9CEB8-8B4A-11D0-8D11-00A0C91BC942}") = "Tyuiu.GorovenkoGV.Sprint0.Task2.V0.Lib", "Tyuiu.GorovenkoGV.Sprint0.Task2.V0.Lib\Tyuiu.GorovenkoGV.Sprint0.Task2.V0.Lib.vcxproj", "{A93182A6-4390-47C0-8BED-9D5FD1C0D2D4}"
EndProject
Project("{8BC9CEB8-8B4A-11D0-8D11-00A0C91BC942}") = "Tyuiu.GorovenkoGV.Sprint0.Task2.V0.Test", "Tyuiu.GorovenkoGV.Sprint0.Task2.V0.Test\Tyuiu.GorovenkoGV.Sprint0.Task2.V0.Test.vcxproj", "{C05CEF72-956B-4B83-B2A2-F0787F03F56E}"
EndProject
Project("{2150E333-8FDC-42A3-9474-1A3956D46DE8}") = "task3", "task3", "{EFC8890B-A20B-40F3-ACA1-4D91FA786434}"
EndProject
Project("{8BC9CEB8-8B4A-11D0-8D11-00A0C91BC942}") = "Tyuiu.GorovenkoGV.Sprint0.Task3.V0", "Tyuiu.GorovenkoGV.Sprint0.Task3.V0\Tyuiu.GorovenkoGV.Sprint0.Task3.V0.vcxproj", "{F09B0063-42F8-4973-ACA6-B6D6BFCE9948}"
EndProject
Project("{8BC9CEB8-8B4A-11D0-8D11-00A0C91BC942}") = "Tyuiu.GorovenkoGV.Sprint0.Task3.V0.Test", "Tyuiu.GorovenkoGV.Sprint0.Task3.V0.Test\Tyuiu.GorovenkoGV.Sprint0.Task3.V0.Test.vcxproj", "{26A7854A-1492-461E-90DD-5A48085E3B23}"
EndProject
Project("{8BC9CEB8-8B4A-11D0-8D11-00A0C91BC942}") = "Tyuiu.GorovenkoGV.Sprint0.Task3.V0.Lib", "Tyuiu.GorovenkoGV.Sprint0.Task3.V0.Lib\Tyuiu.GorovenkoGV.Sprint0.Task3.V0.Lib.vcxproj", "{63D06CED-3E74-4BDE-9AC7-473AF67B5BE1}"
EndProject
Project("{8BC9CEB8-8B4A-11D0-8D11-00A0C91BC942}") = "Tyuiu.Cours.cpp", "Tyuiu.Cours.cpp\Tyuiu.Cours.cpp.vcxproj", "{71667551-DC89-4E91-B409-EC47AE10CC12}"
EndProject
Project("{2150E333-8FDC-42A3-9474-1A3956D46DE8}") = "task4", "task4", "{19F6442B-8965-4B63-A1FF-65B788A01D50}"
EndProject
Project("{8BC9CEB8-8B4A-11D0-8D11-00A0C91BC942}") = "Tyuiu.GorovenkoGV.Sprint0.Task4", "Tyuiu.GorovenkoGV.Sprint0.Task4.V1\Tyuiu.GorovenkoGV.Sprint0.Task4.V1.vcxproj", "{96BEAE7E-44A5-4776-B4F9-E34060A0BA06}"
EndProject
Project("{2150E333-8FDC-42A3-9474-1A3956D46DE8}") = "task5", "task5", "{0D6B5BE7-C733-4030-B43C-C1339BE5ED54}"
EndProject
Project("{8BC9CEB8-8B4A-11D0-8D11-00A0C91BC942}") = "Tyuiu.GorovenkoGV.Sprint0.Task5V1", "Tyuiu.GorovenkoGV.Sprint0.Task5.V1\Tyuiu.GorovenkoGV.Sprint0.Task5.V1.vcxproj", "{896A2015-1F91-477B-8BC2-E9A197B90B35}"
EndProject
Project("{8BC9CEB8-8B4A-11D0-8D11-00A0C91BC942}") = "Tyuiu.GorovenkoGV.Sprint0.Task4.Test", "Tyuiu.GorovenkoGV.Sprint0.Test4\Tyuiu.GorovenkoGV.Sprint0.Test4.vcxproj", "{9E73D964-1EDB-47B6-A890-10EAA59D6E80}"
EndProject
Project("{8BC9CEB8-8B4A-11D0-8D11-00A0C91BC942}") = "Tyuiu.GorovenkoGV.Sprint0.Task4.Lib", "Tyuiu.GorovenkoGV.Sprint0.Lib4\Tyuiu.GorovenkoGV.Sprint0.Lib4.vcxproj", "{4F86BA40-6F90-4D32-9877-FE9177D3008D}"
EndProject
Project("{8BC9CEB8-8B4A-11D0-8D11-00A0C91BC942}") = "Tyuiu.GorovenkoGV.Sprint0.Task5.LibV1", "Tyuiu.GorovenkoGV.Sprint0.Task5.Lib\Tyuiu.GorovenkoGV.Sprint0.Task5.Lib.vcxproj", "{E639FF92-E091-47FE-BB94-BD96182DBB27}"
EndProject
Project("{8BC9CEB8-8B4A-11D0-8D11-00A0C91BC942}") = "Tyuiu.GorovenkoGV.Sprint0.Task5.TestV1", "Tyuiu.GorovenkoGV.Sprint0.Task5.Test\Tyuiu.GorovenkoGV.Sprint0.Task5.Test.vcxproj", "{BCFAA29B-FDB4-449A-ADA0-8A5285C05BF1}"
EndProject
Project("{8BC9CEB8-8B4A-11D0-8D11-00A0C91BC942}") = "Tyuiu.GorovenkoGV.Sprint0.Task5.V2", "Tyuiu.GorovenkoGV.Sprint0.Task5.V2\Tyuiu.GorovenkoGV.Sprint0.Task5.V2.vcxproj", "{96319FBD-9112-4C33-9BD9-6D81ED3A7BBE}"
EndProject
Project("{8BC9CEB8-8B4A-11D0-8D11-00A0C91BC942}") = "Tyuiu.GorovenkoGV.Sprint0.Task5.TestV2", "Tyuiu.GorovenkoGV.Sprint0.Task5.TestV2\Tyuiu.GorovenkoGV.Sprint0.Task5.TestV2.vcxproj", "{33B06998-AD0F-4A42-94D7-B7E1523E941B}"
EndProject
Project("{8BC9CEB8-8B4A-11D0-8D11-00A0C91BC942}") = "Tyuiu.GorovenkoGV.Sprint0.Task5.LibV2", "Tyuiu.GorovenkoGV.Sprint0.Task5.LibV2\Tyuiu.GorovenkoGV.Sprint0.Task5.LibV2.vcxproj", "{A369D3E0-6935-4F7F-A544-592B2854D637}"
EndProject
Project("{8BC9CEB8-8B4A-11D0-8D11-00A0C91BC942}") = "Tyuiu.GorovenkoGV.Sprint0.Task5V3", "Tyuiu.GorovenkoGV.Sprint0.Task5V3\Tyuiu.GorovenkoGV.Sprint0.Task5V3.vcxproj", "{15190EBB-0268-4F18-A947-C6C199AD51C6}"
EndProject
Project("{8BC9CEB8-8B4A-11D0-8D11-00A0C91BC942}") = "Tyuiu.GorovenkoGV.Sprint0.Task5.TestV3", "Tyuiu.GorovenkoGV.Sprint0.Task5.TestV3\Tyuiu.GorovenkoGV.Sprint0.Task5.TestV3.vcxproj", "{8C1782D2-3F29-4A07-BD68-0CFF7A07EFEF}"
EndProject
Project("{8BC9CEB8-8B4A-11D0-8D11-00A0C91BC942}") = "Tyuiu.GorovenkoGV.Sprint0.Task5.LibV3", "Tyuiu.GorovenkoGV.Sprint0.Task5.LibV3\Tyuiu.GorovenkoGV.Sprint0.Task5.LibV3.vcxproj", "{9894A744-7A2F-40D7-A25A-FD703946510F}"
EndProject
Project("{8BC9CEB8-8B4A-11D0-8D11-00A0C91BC942}") = "Tyuiu.GorovenkoGV.Sprint0.Task5.V4", "Tyuiu.GorovenkoGV.Sprint0.Task5.V4\Tyuiu.GorovenkoGV.Sprint0.Task5.V4.vcxproj", "{0DF857D2-0FB1-4CD2-81D9-CBE403294F34}"
EndProject
Project("{8BC9CEB8-8B4A-11D0-8D11-00A0C91BC942}") = "Tyuiu.GorovenkoGV.Sprint0.Task5.TestV4", "Tyuiu.GorovenkoGV.Sprint0.Task5.TestV4\Tyuiu.GorovenkoGV.Sprint0.Task5.TestV4.vcxproj", "{445AA14D-9340-4BBF-804E-1839FB772172}"
EndProject
Project("{8BC9CEB8-8B4A-11D0-8D11-00A0C91BC942}") = "Tyuiu.GorovenkoGV.Sprint0.Task5.LibV4", "Tyuiu.GorovenkoGV.Sprint0.Task5.LibV4\Tyuiu.GorovenkoGV.Sprint0.Task5.LibV4.vcxproj", "{888DF294-5C86-4DDD-B9DD-E9D4F082CED0}"
EndProject
Project("{8BC9CEB8-8B4A-11D0-8D11-00A0C91BC942}") = "Tyuiu.GorovenkoGV.Sprint0.Task5.V5", "Tyuiu.GorovenkoGV.Sprint0.Task5.V5\Tyuiu.GorovenkoGV.Sprint0.Task5.V5.vcxproj", "{8E5B6EE0-8583-4CD4-A493-E6E886CF9A22}"
EndProject
Project("{8BC9CEB8-8B4A-11D0-8D11-00A0C91BC942}") = "Tyuiu.GorovenkoGV.Sprint0.Task5.TestV5", "Tyuiu.GorovenkoGV.Sprint0.Task5.TestV5\Tyuiu.GorovenkoGV.Sprint0.Task5.TestV5.vcxproj", "{3D057DD3-4AD3-4B54-B34A-3970D6BE2E52}"
EndProject
Project("{8BC9CEB8-8B4A-11D0-8D11-00A0C91BC942}") = "Tyuiu.GorovenkoGV.Sprint0.Task5.LibV5", "Tyuiu.GorovenkoGV.Sprint0.Task5.LibV5\Tyuiu.GorovenkoGV.Sprint0.Task5.LibV5.vcxproj", "{36930512-6F65-4327-BAC7-C1F051E734E7}"
EndProject
Project("{2150E333-8FDC-42A3-9474-1A3956D46DE8}") = "task6", "task6", "{8E2B248B-D170-4944-A480-BF811C8A2CC3}"
EndProject
Project("{8BC9CEB8-8B4A-11D0-8D11-00A0C91BC942}") = "Tyuiu.GorovenkoGV.Sprint0.Task6V1", "Tyuiu.GorovenkoGV.Sprint0.Task6\Tyuiu.GorovenkoGV.Sprint0.Task6.vcxproj", "{A94E99A0-D68C-41A8-B049-D714950E393F}"
EndProject
Project("{8BC9CEB8-8B4A-11D0-8D11-00A0C91BC942}") = "Tyuiu.GorovenkoGV.Sprint0.Task6.TestV1", "Tyuiu.GorovenkoGV.Sprint0.Task6.Test\Tyuiu.GorovenkoGV.Sprint0.Task6.Test.vcxproj", "{FD212360-85F9-4305-A35F-9F21BEF264C5}"
EndProject
Project("{8BC9CEB8-8B4A-11D0-8D11-00A0C91BC942}") = "Tyuiu.GorovenkoGV.Sprint0.Task6.LibV1", "Tyuiu.GorovenkoGV.Sprint0.Task6.Lib\Tyuiu.GorovenkoGV.Sprint0.Task6.Lib.vcxproj", "{42E6D1F2-1D26-42F7-A120-6CB61FEB4A9F}"
EndProject
Project("{8BC9CEB8-8B4A-11D0-8D11-00A0C91BC942}") = "Tyuiu.GorovenkoGV.Sprint0.Task6.TestV2", "Tyuiu.GorovenkoGV.Sprint0.Task6.TestV2\Tyuiu.GorovenkoGV.Sprint0.Task6.TestV2.vcxproj", "{F07BE240-C5B7-40F4-8A1A-F4543663A923}"
EndProject
Project("{8BC9CEB8-8B4A-11D0-8D11-00A0C91BC942}") = "Tyuiu.GorovenkoGV.Sprint0.Task6.TestV3", "Tyuiu.GorovenkoGV.Sprint0.Task6.TestV3\Tyuiu.GorovenkoGV.Sprint0.Task6.TestV3.vcxproj", "{927BFC09-AB02-4848-89C2-CA22809613EF}"
EndProject
Project("{8BC9CEB8-8B4A-11D0-8D11-00A0C91BC942}") = "Tyuiu.GorovenkoGV.Sprint0.Task6V2", "Tyuiu.GorovenkoGV.Sprint0.Task6V2\Tyuiu.GorovenkoGV.Sprint0.Task6V2.vcxproj", "{0A4BAC48-4CCA-4A25-95C4-4B152CA0542B}"
EndProject
Project("{8BC9CEB8-8B4A-11D0-8D11-00A0C91BC942}") = "Tyuiu.GorovenkoGV.Sprint0.Task6V3", "Tyuiu.GorovenkoGV.Sprint0.Task6V3\Tyuiu.GorovenkoGV.Sprint0.Task6V3.vcxproj", "{274B874F-49A9-4307-B08B-66D92EE6B3DF}"
EndProject
Project("{2150E333-8FDC-42A3-9474-1A3956D46DE8}") = "task7", "task7", "{A0B4E6B0-6D02-4338-931A-0B474959A5ED}"
EndProject
Project("{8BC9CEB8-8B4A-11D0-8D11-00A0C91BC942}") = "Tyuiu.GorovenkoGV.Sprint0.Task7.Lib", "Tyuiu.GorovenkoGV.Sprint0.Task7.Lib\Tyuiu.GorovenkoGV.Sprint0.Task7.Lib.vcxproj", "{71259DB3-D1D1-4EC8-8978-928A246C4F3D}"
EndProject
Project("{8BC9CEB8-8B4A-11D0-8D11-00A0C91BC942}") = "Tyuiu.GorovenkoGV.Sprint0.Task7V4", "Tyuiu.GorovenkoGV.Sprint0.Task7V1\Tyuiu.GorovenkoGV.Sprint0.Task7V1.vcxproj", "{631762BD-E302-4578-9175-08CADBB751A1}"
EndProject
Project("{8BC9CEB8-8B4A-11D0-8D11-00A0C91BC942}") = "Tyuiu.GorovenkoGV.Sprint0.Task7.TestV4", "Tyuiu.GorovenkoGV.Sprint0.Task7.TestV4\Tyuiu.GorovenkoGV.Sprint0.Task7.TestV4.vcxproj", "{18EE4AA9-2154-4FC3-A1C3-AC402E2DC608}"
EndProject
Project("{8BC9CEB8-8B4A-11D0-8D11-00A0C91BC942}") = "Tyuiu.GorovenkoGV.Sprint0.Task7.TestV5", "Tyuiu.GorovenkoGV.Sprint0.Task7.TestV5\Tyuiu.GorovenkoGV.Sprint0.Task7.TestV5.vcxproj", "{36590486-F9DD-4E46-9F62-08454FDA36CC}"
EndProject
Project("{8BC9CEB8-8B4A-11D0-8D11-00A0C91BC942}") = "Tyuiu.GorovenkoGV.Sprint0.Task7V5", "Tyuiu.GorovenkoGV.Sprint0.Task7V5\Tyuiu.GorovenkoGV.Sprint0.Task7V5.vcxproj", "{5112C45F-36CF-4534-A7DE-192615D402B1}"
EndProject
Project("{8BC9CEB8-8B4A-11D0-8D11-00A0C91BC942}") = "Tyuiu.GorovenkoGV.Sprint0.Task2.TestV1", "Tyuiu.GorovenkoGV.Sprint0.Task2.TestV2\Tyuiu.GorovenkoGV.Sprint0.Task2.TestV2.vcxproj", "{56E06242-BD8B-479E-B971-753F18F5455E}"
EndProject
Global
	GlobalSection(SolutionConfigurationPlatforms) = preSolution
		Debug|x64 = Debug|x64
		Debug|x86 = Debug|x86
		Release|x64 = Release|x64
		Release|x86 = Release|x86
	EndGlobalSection
	GlobalSection(ProjectConfigurationPlatforms) = postSolution
		{9A4AF89E-9E8B-4765-8A9E-F2F3BFF9DB90}.Debug|x64.ActiveCfg = Debug|x64
		{9A4AF89E-9E8B-4765-8A9E-F2F3BFF9DB90}.Debug|x64.Build.0 = Debug|x64
		{9A4AF89E-9E8B-4765-8A9E-F2F3BFF9DB90}.Debug|x86.ActiveCfg = Debug|Win32
		{9A4AF89E-9E8B-4765-8A9E-F2F3BFF9DB90}.Debug|x86.Build.0 = Debug|Win32
		{9A4AF89E-9E8B-4765-8A9E-F2F3BFF9DB90}.Release|x64.ActiveCfg = Release|x64
		{9A4AF89E-9E8B-4765-8A9E-F2F3BFF9DB90}.Release|x64.Build.0 = Release|x64
		{9A4AF89E-9E8B-4765-8A9E-F2F3BFF9DB90}.Release|x86.ActiveCfg = Release|Win32
		{9A4AF89E-9E8B-4765-8A9E-F2F3BFF9DB90}.Release|x86.Build.0 = Release|Win32
		{BDE5E8DF-8C2E-40A6-B5DE-32162575F186}.Debug|x64.ActiveCfg = Debug|x64
		{BDE5E8DF-8C2E-40A6-B5DE-32162575F186}.Debug|x64.Build.0 = Debug|x64
		{BDE5E8DF-8C2E-40A6-B5DE-32162575F186}.Debug|x86.ActiveCfg = Debug|Win32
		{BDE5E8DF-8C2E-40A6-B5DE-32162575F186}.Debug|x86.Build.0 = Debug|Win32
		{BDE5E8DF-8C2E-40A6-B5DE-32162575F186}.Release|x64.ActiveCfg = Release|x64
		{BDE5E8DF-8C2E-40A6-B5DE-32162575F186}.Release|x64.Build.0 = Release|x64
		{BDE5E8DF-8C2E-40A6-B5DE-32162575F186}.Release|x86.ActiveCfg = Release|Win32
		{BDE5E8DF-8C2E-40A6-B5DE-32162575F186}.Release|x86.Build.0 = Release|Win32
		{238BB614-8BE5-4CA1-ACB9-FA3579F0F642}.Debug|x64.ActiveCfg = Debug|x64
		{238BB614-8BE5-4CA1-ACB9-FA3579F0F642}.Debug|x64.Build.0 = Debug|x64
		{238BB614-8BE5-4CA1-ACB9-FA3579F0F642}.Debug|x86.ActiveCfg = Debug|Win32
		{238BB614-8BE5-4CA1-ACB9-FA3579F0F642}.Debug|x86.Build.0 = Debug|Win32
		{238BB614-8BE5-4CA1-ACB9-FA3579F0F642}.Release|x64.ActiveCfg = Release|x64
		{238BB614-8BE5-4CA1-ACB9-FA3579F0F642}.Release|x64.Build.0 = Release|x64
		{238BB614-8BE5-4CA1-ACB9-FA3579F0F642}.Release|x86.ActiveCfg = Release|Win32
		{238BB614-8BE5-4CA1-ACB9-FA3579F0F642}.Release|x86.Build.0 = Release|Win32
		{A93182A6-4390-47C0-8BED-9D5FD1C0D2D4}.Debug|x64.ActiveCfg = Debug|x64
		{A93182A6-4390-47C0-8BED-9D5FD1C0D2D4}.Debug|x64.Build.0 = Debug|x64
		{A93182A6-4390-47C0-8BED-9D5FD1C0D2D4}.Debug|x86.ActiveCfg = Debug|Win32
		{A93182A6-4390-47C0-8BED-9D5FD1C0D2D4}.Debug|x86.Build.0 = Debug|Win32
		{A93182A6-4390-47C0-8BED-9D5FD1C0D2D4}.Release|x64.ActiveCfg = Release|x64
		{A93182A6-4390-47C0-8BED-9D5FD1C0D2D4}.Release|x64.Build.0 = Release|x64
		{A93182A6-4390-47C0-8BED-9D5FD1C0D2D4}.Release|x86.ActiveCfg = Release|Win32
		{A93182A6-4390-47C0-8BED-9D5FD1C0D2D4}.Release|x86.Build.0 = Release|Win32
		{C05CEF72-956B-4B83-B2A2-F0787F03F56E}.Debug|x64.ActiveCfg = Debug|x64
		{C05CEF72-956B-4B83-B2A2-F0787F03F56E}.Debug|x64.Build.0 = Debug|x64
		{C05CEF72-956B-4B83-B2A2-F0787F03F56E}.Debug|x86.ActiveCfg = Debug|Win32
		{C05CEF72-956B-4B83-B2A2-F0787F03F56E}.Debug|x86.Build.0 = Debug|Win32
		{C05CEF72-956B-4B83-B2A2-F0787F03F56E}.Release|x64.ActiveCfg = Release|x64
		{C05CEF72-956B-4B83-B2A2-F0787F03F56E}.Release|x64.Build.0 = Release|x64
		{C05CEF72-956B-4B83-B2A2-F0787F03F56E}.Release|x86.ActiveCfg = Release|Win32
		{C05CEF72-956B-4B83-B2A2-F0787F03F56E}.Release|x86.Build.0 = Release|Win32
		{F09B0063-42F8-4973-ACA6-B6D6BFCE9948}.Debug|x64.ActiveCfg = Debug|x64
		{F09B0063-42F8-4973-ACA6-B6D6BFCE9948}.Debug|x64.Build.0 = Debug|x64
		{F09B0063-42F8-4973-ACA6-B6D6BFCE9948}.Debug|x86.ActiveCfg = Debug|Win32
		{F09B0063-42F8-4973-ACA6-B6D6BFCE9948}.Debug|x86.Build.0 = Debug|Win32
		{F09B0063-42F8-4973-ACA6-B6D6BFCE9948}.Release|x64.ActiveCfg = Release|x64
		{F09B0063-42F8-4973-ACA6-B6D6BFCE9948}.Release|x64.Build.0 = Release|x64
		{F09B0063-42F8-4973-ACA6-B6D6BFCE9948}.Release|x86.ActiveCfg = Release|Win32
		{F09B0063-42F8-4973-ACA6-B6D6BFCE9948}.Release|x86.Build.0 = Release|Win32
		{26A7854A-1492-461E-90DD-5A48085E3B23}.Debug|x64.ActiveCfg = Debug|x64
		{26A7854A-1492-461E-90DD-5A48085E3B23}.Debug|x64.Build.0 = Debug|x64
		{26A7854A-1492-461E-90DD-5A48085E3B23}.Debug|x86.ActiveCfg = Debug|Win32
		{26A7854A-1492-461E-90DD-5A48085E3B23}.Debug|x86.Build.0 = Debug|Win32
		{26A7854A-1492-461E-90DD-5A48085E3B23}.Release|x64.ActiveCfg = Release|x64
		{26A7854A-1492-461E-90DD-5A48085E3B23}.Release|x64.Build.0 = Release|x64
		{26A7854A-1492-461E-90DD-5A48085E3B23}.Release|x86.ActiveCfg = Release|Win32
		{26A7854A-1492-461E-90DD-5A48085E3B23}.Release|x86.Build.0 = Release|Win32
		{63D06CED-3E74-4BDE-9AC7-473AF67B5BE1}.Debug|x64.ActiveCfg = Debug|x64
		{63D06CED-3E74-4BDE-9AC7-473AF67B5BE1}.Debug|x64.Build.0 = Debug|x64
		{63D06CED-3E74-4BDE-9AC7-473AF67B5BE1}.Debug|x86.ActiveCfg = Debug|Win32
		{63D06CED-3E74-4BDE-9AC7-473AF67B5BE1}.Debug|x86.Build.0 = Debug|Win32
		{63D06CED-3E74-4BDE-9AC7-473AF67B5BE1}.Release|x64.ActiveCfg = Release|x64
		{63D06CED-3E74-4BDE-9AC7-473AF67B5BE1}.Release|x64.Build.0 = Release|x64
		{63D06CED-3E74-4BDE-9AC7-473AF67B5BE1}.Release|x86.ActiveCfg = Release|Win32
		{63D06CED-3E74-4BDE-9AC7-473AF67B5BE1}.Release|x86.Build.0 = Release|Win32
		{71667551-DC89-4E91-B409-EC47AE10CC12}.Debug|x64.ActiveCfg = Debug|x64
		{71667551-DC89-4E91-B409-EC47AE10CC12}.Debug|x64.Build.0 = Debug|x64
		{71667551-DC89-4E91-B409-EC47AE10CC12}.Debug|x86.ActiveCfg = Debug|Win32
		{71667551-DC89-4E91-B409-EC47AE10CC12}.Debug|x86.Build.0 = Debug|Win32
		{71667551-DC89-4E91-B409-EC47AE10CC12}.Release|x64.ActiveCfg = Release|x64
		{71667551-DC89-4E91-B409-EC47AE10CC12}.Release|x64.Build.0 = Release|x64
		{71667551-DC89-4E91-B409-EC47AE10CC12}.Release|x86.ActiveCfg = Release|Win32
		{71667551-DC89-4E91-B409-EC47AE10CC12}.Release|x86.Build.0 = Release|Win32
		{96BEAE7E-44A5-4776-B4F9-E34060A0BA06}.Debug|x64.ActiveCfg = Debug|x64
		{96BEAE7E-44A5-4776-B4F9-E34060A0BA06}.Debug|x64.Build.0 = Debug|x64
		{96BEAE7E-44A5-4776-B4F9-E34060A0BA06}.Debug|x86.ActiveCfg = Debug|Win32
		{96BEAE7E-44A5-4776-B4F9-E34060A0BA06}.Debug|x86.Build.0 = Debug|Win32
		{96BEAE7E-44A5-4776-B4F9-E34060A0BA06}.Release|x64.ActiveCfg = Release|x64
		{96BEAE7E-44A5-4776-B4F9-E34060A0BA06}.Release|x64.Build.0 = Release|x64
		{96BEAE7E-44A5-4776-B4F9-E34060A0BA06}.Release|x86.ActiveCfg = Release|Win32
		{96BEAE7E-44A5-4776-B4F9-E34060A0BA06}.Release|x86.Build.0 = Release|Win32
		{896A2015-1F91-477B-8BC2-E9A197B90B35}.Debug|x64.ActiveCfg = Debug|x64
		{896A2015-1F91-477B-8BC2-E9A197B90B35}.Debug|x64.Build.0 = Debug|x64
		{896A2015-1F91-477B-8BC2-E9A197B90B35}.Debug|x86.ActiveCfg = Debug|Win32
		{896A2015-1F91-477B-8BC2-E9A197B90B35}.Debug|x86.Build.0 = Debug|Win32
		{896A2015-1F91-477B-8BC2-E9A197B90B35}.Release|x64.ActiveCfg = Release|x64
		{896A2015-1F91-477B-8BC2-E9A197B90B35}.Release|x64.Build.0 = Release|x64
		{896A2015-1F91-477B-8BC2-E9A197B90B35}.Release|x86.ActiveCfg = Release|Win32
		{896A2015-1F91-477B-8BC2-E9A197B90B35}.Release|x86.Build.0 = Release|Win32
		{9E73D964-1EDB-47B6-A890-10EAA59D6E80}.Debug|x64.ActiveCfg = Debug|x64
		{9E73D964-1EDB-47B6-A890-10EAA59D6E80}.Debug|x64.Build.0 = Debug|x64
		{9E73D964-1EDB-47B6-A890-10EAA59D6E80}.Debug|x86.ActiveCfg = Debug|Win32
		{9E73D964-1EDB-47B6-A890-10EAA59D6E80}.Debug|x86.Build.0 = Debug|Win32
		{9E73D964-1EDB-47B6-A890-10EAA59D6E80}.Release|x64.ActiveCfg = Release|x64
		{9E73D964-1EDB-47B6-A890-10EAA59D6E80}.Release|x64.Build.0 = Release|x64
		{9E73D964-1EDB-47B6-A890-10EAA59D6E80}.Release|x86.ActiveCfg = Release|Win32
		{9E73D964-1EDB-47B6-A890-10EAA59D6E80}.Release|x86.Build.0 = Release|Win32
		{4F86BA40-6F90-4D32-9877-FE9177D3008D}.Debug|x64.ActiveCfg = Debug|x64
		{4F86BA40-6F90-4D32-9877-FE9177D3008D}.Debug|x64.Build.0 = Debug|x64
		{4F86BA40-6F90-4D32-9877-FE9177D3008D}.Debug|x86.ActiveCfg = Debug|Win32
		{4F86BA40-6F90-4D32-9877-FE9177D3008D}.Debug|x86.Build.0 = Debug|Win32
		{4F86BA40-6F90-4D32-9877-FE9177D3008D}.Release|x64.ActiveCfg = Release|x64
		{4F86BA40-6F90-4D32-9877-FE9177D3008D}.Release|x64.Build.0 = Release|x64
		{4F86BA40-6F90-4D32-9877-FE9177D3008D}.Release|x86.ActiveCfg = Release|Win32
		{4F86BA40-6F90-4D32-9877-FE9177D3008D}.Release|x86.Build.0 = Release|Win32
		{E639FF92-E091-47FE-BB94-BD96182DBB27}.Debug|x64.ActiveCfg = Debug|x64
		{E639FF92-E091-47FE-BB94-BD96182DBB27}.Debug|x64.Build.0 = Debug|x64
		{E639FF92-E091-47FE-BB94-BD96182DBB27}.Debug|x86.ActiveCfg = Debug|Win32
		{E639FF92-E091-47FE-BB94-BD96182DBB27}.Debug|x86.Build.0 = Debug|Win32
		{E639FF92-E091-47FE-BB94-BD96182DBB27}.Release|x64.ActiveCfg = Release|x64
		{E639FF92-E091-47FE-BB94-BD96182DBB27}.Release|x64.Build.0 = Release|x64
		{E639FF92-E091-47FE-BB94-BD96182DBB27}.Release|x86.ActiveCfg = Release|Win32
		{E639FF92-E091-47FE-BB94-BD96182DBB27}.Release|x86.Build.0 = Release|Win32
		{BCFAA29B-FDB4-449A-ADA0-8A5285C05BF1}.Debug|x64.ActiveCfg = Debug|x64
		{BCFAA29B-FDB4-449A-ADA0-8A5285C05BF1}.Debug|x64.Build.0 = Debug|x64
		{BCFAA29B-FDB4-449A-ADA0-8A5285C05BF1}.Debug|x86.ActiveCfg = Debug|Win32
		{BCFAA29B-FDB4-449A-ADA0-8A5285C05BF1}.Debug|x86.Build.0 = Debug|Win32
		{BCFAA29B-FDB4-449A-ADA0-8A5285C05BF1}.Release|x64.ActiveCfg = Release|x64
		{BCFAA29B-FDB4-449A-ADA0-8A5285C05BF1}.Release|x64.Build.0 = Release|x64
		{BCFAA29B-FDB4-449A-ADA0-8A5285C05BF1}.Release|x86.ActiveCfg = Release|Win32
		{BCFAA29B-FDB4-449A-ADA0-8A5285C05BF1}.Release|x86.Build.0 = Release|Win32
		{96319FBD-9112-4C33-9BD9-6D81ED3A7BBE}.Debug|x64.ActiveCfg = Debug|x64
		{96319FBD-9112-4C33-9BD9-6D81ED3A7BBE}.Debug|x64.Build.0 = Debug|x64
		{96319FBD-9112-4C33-9BD9-6D81ED3A7BBE}.Debug|x86.ActiveCfg = Debug|Win32
		{96319FBD-9112-4C33-9BD9-6D81ED3A7BBE}.Debug|x86.Build.0 = Debug|Win32
		{96319FBD-9112-4C33-9BD9-6D81ED3A7BBE}.Release|x64.ActiveCfg = Release|x64
		{96319FBD-9112-4C33-9BD9-6D81ED3A7BBE}.Release|x64.Build.0 = Release|x64
		{96319FBD-9112-4C33-9BD9-6D81ED3A7BBE}.Release|x86.ActiveCfg = Release|Win32
		{96319FBD-9112-4C33-9BD9-6D81ED3A7BBE}.Release|x86.Build.0 = Release|Win32
		{33B06998-AD0F-4A42-94D7-B7E1523E941B}.Debug|x64.ActiveCfg = Debug|x64
		{33B06998-AD0F-4A42-94D7-B7E1523E941B}.Debug|x64.Build.0 = Debug|x64
		{33B06998-AD0F-4A42-94D7-B7E1523E941B}.Debug|x86.ActiveCfg = Debug|Win32
		{33B06998-AD0F-4A42-94D7-B7E1523E941B}.Debug|x86.Build.0 = Debug|Win32
		{33B06998-AD0F-4A42-94D7-B7E1523E941B}.Release|x64.ActiveCfg = Release|x64
		{33B06998-AD0F-4A42-94D7-B7E1523E941B}.Release|x64.Build.0 = Release|x64
		{33B06998-AD0F-4A42-94D7-B7E1523E941B}.Release|x86.ActiveCfg = Release|Win32
		{33B06998-AD0F-4A42-94D7-B7E1523E941B}.Release|x86.Build.0 = Release|Win32
		{A369D3E0-6935-4F7F-A544-592B2854D637}.Debug|x64.ActiveCfg = Debug|x64
		{A369D3E0-6935-4F7F-A544-592B2854D637}.Debug|x64.Build.0 = Debug|x64
		{A369D3E0-6935-4F7F-A544-592B2854D637}.Debug|x86.ActiveCfg = Debug|Win32
		{A369D3E0-6935-4F7F-A544-592B2854D637}.Debug|x86.Build.0 = Debug|Win32
		{A369D3E0-6935-4F7F-A544-592B2854D637}.Release|x64.ActiveCfg = Release|x64
		{A369D3E0-6935-4F7F-A544-592B2854D637}.Release|x64.Build.0 = Release|x64
		{A369D3E0-6935-4F7F-A544-592B2854D637}.Release|x86.ActiveCfg = Release|Win32
		{A369D3E0-6935-4F7F-A544-592B2854D637}.Release|x86.Build.0 = Release|Win32
		{15190EBB-0268-4F18-A947-C6C199AD51C6}.Debug|x64.ActiveCfg = Debug|x64
		{15190EBB-0268-4F18-A947-C6C199AD51C6}.Debug|x64.Build.0 = Debug|x64
		{15190EBB-0268-4F18-A947-C6C199AD51C6}.Debug|x86.ActiveCfg = Debug|Win32
		{15190EBB-0268-4F18-A947-C6C199AD51C6}.Debug|x86.Build.0 = Debug|Win32
		{15190EBB-0268-4F18-A947-C6C199AD51C6}.Release|x64.ActiveCfg = Release|x64
		{15190EBB-0268-4F18-A947-C6C199AD51C6}.Release|x64.Build.0 = Release|x64
		{15190EBB-0268-4F18-A947-C6C199AD51C6}.Release|x86.ActiveCfg = Release|Win32
		{15190EBB-0268-4F18-A947-C6C199AD51C6}.Release|x86.Build.0 = Release|Win32
		{8C1782D2-3F29-4A07-BD68-0CFF7A07EFEF}.Debug|x64.ActiveCfg = Debug|x64
		{8C1782D2-3F29-4A07-BD68-0CFF7A07EFEF}.Debug|x64.Build.0 = Debug|x64
		{8C1782D2-3F29-4A07-BD68-0CFF7A07EFEF}.Debug|x86.ActiveCfg = Debug|Win32
		{8C1782D2-3F29-4A07-BD68-0CFF7A07EFEF}.Debug|x86.Build.0 = Debug|Win32
		{8C1782D2-3F29-4A07-BD68-0CFF7A07EFEF}.Release|x64.ActiveCfg = Release|x64
		{8C1782D2-3F29-4A07-BD68-0CFF7A07EFEF}.Release|x64.Build.0 = Release|x64
		{8C1782D2-3F29-4A07-BD68-0CFF7A07EFEF}.Release|x86.ActiveCfg = Release|Win32
		{8C1782D2-3F29-4A07-BD68-0CFF7A07EFEF}.Release|x86.Build.0 = Release|Win32
		{9894A744-7A2F-40D7-A25A-FD703946510F}.Debug|x64.ActiveCfg = Debug|x64
		{9894A744-7A2F-40D7-A25A-FD703946510F}.Debug|x64.Build.0 = Debug|x64
		{9894A744-7A2F-40D7-A25A-FD703946510F}.Debug|x86.ActiveCfg = Debug|Win32
		{9894A744-7A2F-40D7-A25A-FD703946510F}.Debug|x86.Build.0 = Debug|Win32
		{9894A744-7A2F-40D7-A25A-FD703946510F}.Release|x64.ActiveCfg = Release|x64
		{9894A744-7A2F-40D7-A25A-FD703946510F}.Release|x64.Build.0 = Release|x64
		{9894A744-7A2F-40D7-A25A-FD703946510F}.Release|x86.ActiveCfg = Release|Win32
		{9894A744-7A2F-40D7-A25A-FD703946510F}.Release|x86.Build.0 = Release|Win32
		{0DF857D2-0FB1-4CD2-81D9-CBE403294F34}.Debug|x64.ActiveCfg = Debug|x64
		{0DF857D2-0FB1-4CD2-81D9-CBE403294F34}.Debug|x64.Build.0 = Debug|x64
		{0DF857D2-0FB1-4CD2-81D9-CBE403294F34}.Debug|x86.ActiveCfg = Debug|Win32
		{0DF857D2-0FB1-4CD2-81D9-CBE403294F34}.Debug|x86.Build.0 = Debug|Win32
		{0DF857D2-0FB1-4CD2-81D9-CBE403294F34}.Release|x64.ActiveCfg = Release|x64
		{0DF857D2-0FB1-4CD2-81D9-CBE403294F34}.Release|x64.Build.0 = Release|x64
		{0DF857D2-0FB1-4CD2-81D9-CBE403294F34}.Release|x86.ActiveCfg = Release|Win32
		{0DF857D2-0FB1-4CD2-81D9-CBE403294F34}.Release|x86.Build.0 = Release|Win32
		{445AA14D-9340-4BBF-804E-1839FB772172}.Debug|x64.ActiveCfg = Debug|x64
		{445AA14D-9340-4BBF-804E-1839FB772172}.Debug|x64.Build.0 = Debug|x64
		{445AA14D-9340-4BBF-804E-1839FB772172}.Debug|x86.ActiveCfg = Debug|Win32
		{445AA14D-9340-4BBF-804E-1839FB772172}.Debug|x86.Build.0 = Debug|Win32
		{445AA14D-9340-4BBF-804E-1839FB772172}.Release|x64.ActiveCfg = Release|x64
		{445AA14D-9340-4BBF-804E-1839FB772172}.Release|x64.Build.0 = Release|x64
		{445AA14D-9340-4BBF-804E-1839FB772172}.Release|x86.ActiveCfg = Release|Win32
		{445AA14D-9340-4BBF-804E-1839FB772172}.Release|x86.Build.0 = Release|Win32
		{888DF294-5C86-4DDD-B9DD-E9D4F082CED0}.Debug|x64.ActiveCfg = Debug|x64
		{888DF294-5C86-4DDD-B9DD-E9D4F082CED0}.Debug|x64.Build.0 = Debug|x64
		{888DF294-5C86-4DDD-B9DD-E9D4F082CED0}.Debug|x86.ActiveCfg = Debug|Win32
		{888DF294-5C86-4DDD-B9DD-E9D4F082CED0}.Debug|x86.Build.0 = Debug|Win32
		{888DF294-5C86-4DDD-B9DD-E9D4F082CED0}.Release|x64.ActiveCfg = Release|x64
		{888DF294-5C86-4DDD-B9DD-E9D4F082CED0}.Release|x64.Build.0 = Release|x64
		{888DF294-5C86-4DDD-B9DD-E9D4F082CED0}.Release|x86.ActiveCfg = Release|Win32
		{888DF294-5C86-4DDD-B9DD-E9D4F082CED0}.Release|x86.Build.0 = Release|Win32
		{8E5B6EE0-8583-4CD4-A493-E6E886CF9A22}.Debug|x64.ActiveCfg = Debug|x64
		{8E5B6EE0-8583-4CD4-A493-E6E886CF9A22}.Debug|x64.Build.0 = Debug|x64
		{8E5B6EE0-8583-4CD4-A493-E6E886CF9A22}.Debug|x86.ActiveCfg = Debug|Win32
		{8E5B6EE0-8583-4CD4-A493-E6E886CF9A22}.Debug|x86.Build.0 = Debug|Win32
		{8E5B6EE0-8583-4CD4-A493-E6E886CF9A22}.Release|x64.ActiveCfg = Release|x64
		{8E5B6EE0-8583-4CD4-A493-E6E886CF9A22}.Release|x64.Build.0 = Release|x64
		{8E5B6EE0-8583-4CD4-A493-E6E886CF9A22}.Release|x86.ActiveCfg = Release|Win32
		{8E5B6EE0-8583-4CD4-A493-E6E886CF9A22}.Release|x86.Build.0 = Release|Win32
		{3D057DD3-4AD3-4B54-B34A-3970D6BE2E52}.Debug|x64.ActiveCfg = Debug|x64
		{3D057DD3-4AD3-4B54-B34A-3970D6BE2E52}.Debug|x64.Build.0 = Debug|x64
		{3D057DD3-4AD3-4B54-B34A-3970D6BE2E52}.Debug|x86.ActiveCfg = Debug|Win32
		{3D057DD3-4AD3-4B54-B34A-3970D6BE2E52}.Debug|x86.Build.0 = Debug|Win32
		{3D057DD3-4AD3-4B54-B34A-3970D6BE2E52}.Release|x64.ActiveCfg = Release|x64
		{3D057DD3-4AD3-4B54-B34A-3970D6BE2E52}.Release|x64.Build.0 = Release|x64
		{3D057DD3-4AD3-4B54-B34A-3970D6BE2E52}.Release|x86.ActiveCfg = Release|Win32
		{3D057DD3-4AD3-4B54-B34A-3970D6BE2E52}.Release|x86.Build.0 = Release|Win32
		{36930512-6F65-4327-BAC7-C1F051E734E7}.Debug|x64.ActiveCfg = Debug|x64
		{36930512-6F65-4327-BAC7-C1F051E734E7}.Debug|x64.Build.0 = Debug|x64
		{36930512-6F65-4327-BAC7-C1F051E734E7}.Debug|x86.ActiveCfg = Debug|Win32
		{36930512-6F65-4327-BAC7-C1F051E734E7}.Debug|x86.Build.0 = Debug|Win32
		{36930512-6F65-4327-BAC7-C1F051E734E7}.Release|x64.ActiveCfg = Release|x64
		{36930512-6F65-4327-BAC7-C1F051E734E7}.Release|x64.Build.0 = Release|x64
		{36930512-6F65-4327-BAC7-C1F051E734E7}.Release|x86.ActiveCfg = Release|Win32
		{36930512-6F65-4327-BAC7-C1F051E734E7}.Release|x86.Build.0 = Release|Win32
		{A94E99A0-D68C-41A8-B049-D714950E393F}.Debug|x64.ActiveCfg = Debug|x64
		{A94E99A0-D68C-41A8-B049-D714950E393F}.Debug|x64.Build.0 = Debug|x64
		{A94E99A0-D68C-41A8-B049-D714950E393F}.Debug|x86.ActiveCfg = Debug|Win32
		{A94E99A0-D68C-41A8-B049-D714950E393F}.Debug|x86.Build.0 = Debug|Win32
		{A94E99A0-D68C-41A8-B049-D714950E393F}.Release|x64.ActiveCfg = Release|x64
		{A94E99A0-D68C-41A8-B049-D714950E393F}.Release|x64.Build.0 = Release|x64
		{A94E99A0-D68C-41A8-B049-D714950E393F}.Release|x86.ActiveCfg = Release|Win32
		{A94E99A0-D68C-41A8-B049-D714950E393F}.Release|x86.Build.0 = Release|Win32
		{FD212360-85F9-4305-A35F-9F21BEF264C5}.Debug|x64.ActiveCfg = Debug|x64
		{FD212360-85F9-4305-A35F-9F21BEF264C5}.Debug|x64.Build.0 = Debug|x64
		{FD212360-85F9-4305-A35F-9F21BEF264C5}.Debug|x86.ActiveCfg = Debug|Win32
		{FD212360-85F9-4305-A35F-9F21BEF264C5}.Debug|x86.Build.0 = Debug|Win32
		{FD212360-85F9-4305-A35F-9F21BEF264C5}.Release|x64.ActiveCfg = Release|x64
		{FD212360-85F9-4305-A35F-9F21BEF264C5}.Release|x64.Build.0 = Release|x64
		{FD212360-85F9-4305-A35F-9F21BEF264C5}.Release|x86.ActiveCfg = Release|Win32
		{FD212360-85F9-4305-A35F-9F21BEF264C5}.Release|x86.Build.0 = Release|Win32
		{42E6D1F2-1D26-42F7-A120-6CB61FEB4A9F}.Debug|x64.ActiveCfg = Debug|x64
		{42E6D1F2-1D26-42F7-A120-6CB61FEB4A9F}.Debug|x64.Build.0 = Debug|x64
		{42E6D1F2-1D26-42F7-A120-6CB61FEB4A9F}.Debug|x86.ActiveCfg = Debug|Win32
		{42E6D1F2-1D26-42F7-A120-6CB61FEB4A9F}.Debug|x86.Build.0 = Debug|Win32
		{42E6D1F2-1D26-42F7-A120-6CB61FEB4A9F}.Release|x64.ActiveCfg = Release|x64
		{42E6D1F2-1D26-42F7-A120-6CB61FEB4A9F}.Release|x64.Build.0 = Release|x64
		{42E6D1F2-1D26-42F7-A120-6CB61FEB4A9F}.Release|x86.ActiveCfg = Release|Win32
		{42E6D1F2-1D26-42F7-A120-6CB61FEB4A9F}.Release|x86.Build.0 = Release|Win32
		{F07BE240-C5B7-40F4-8A1A-F4543663A923}.Debug|x64.ActiveCfg = Debug|x64
		{F07BE240-C5B7-40F4-8A1A-F4543663A923}.Debug|x64.Build.0 = Debug|x64
		{F07BE240-C5B7-40F4-8A1A-F4543663A923}.Debug|x86.ActiveCfg = Debug|Win32
		{F07BE240-C5B7-40F4-8A1A-F4543663A923}.Debug|x86.Build.0 = Debug|Win32
		{F07BE240-C5B7-40F4-8A1A-F4543663A923}.Release|x64.ActiveCfg = Release|x64
		{F07BE240-C5B7-40F4-8A1A-F4543663A923}.Release|x64.Build.0 = Release|x64
		{F07BE240-C5B7-40F4-8A1A-F4543663A923}.Release|x86.ActiveCfg = Release|Win32
		{F07BE240-C5B7-40F4-8A1A-F4543663A923}.Release|x86.Build.0 = Release|Win32
		{927BFC09-AB02-4848-89C2-CA22809613EF}.Debug|x64.ActiveCfg = Debug|x64
		{927BFC09-AB02-4848-89C2-CA22809613EF}.Debug|x64.Build.0 = Debug|x64
		{927BFC09-AB02-4848-89C2-CA22809613EF}.Debug|x86.ActiveCfg = Debug|Win32
		{927BFC09-AB02-4848-89C2-CA22809613EF}.Debug|x86.Build.0 = Debug|Win32
		{927BFC09-AB02-4848-89C2-CA22809613EF}.Release|x64.ActiveCfg = Release|x64
		{927BFC09-AB02-4848-89C2-CA22809613EF}.Release|x64.Build.0 = Release|x64
		{927BFC09-AB02-4848-89C2-CA22809613EF}.Release|x86.ActiveCfg = Release|Win32
		{927BFC09-AB02-4848-89C2-CA22809613EF}.Release|x86.Build.0 = Release|Win32
		{0A4BAC48-4CCA-4A25-95C4-4B152CA0542B}.Debug|x64.ActiveCfg = Debug|x64
		{0A4BAC48-4CCA-4A25-95C4-4B152CA0542B}.Debug|x64.Build.0 = Debug|x64
		{0A4BAC48-4CCA-4A25-95C4-4B152CA0542B}.Debug|x86.ActiveCfg = Debug|Win32
		{0A4BAC48-4CCA-4A25-95C4-4B152CA0542B}.Debug|x86.Build.0 = Debug|Win32
		{0A4BAC48-4CCA-4A25-95C4-4B152CA0542B}.Release|x64.ActiveCfg = Release|x64
		{0A4BAC48-4CCA-4A25-95C4-4B152CA0542B}.Release|x64.Build.0 = Release|x64
		{0A4BAC48-4CCA-4A25-95C4-4B152CA0542B}.Release|x86.ActiveCfg = Release|Win32
		{0A4BAC48-4CCA-4A25-95C4-4B152CA0542B}.Release|x86.Build.0 = Release|Win32
		{274B874F-49A9-4307-B08B-66D92EE6B3DF}.Debug|x64.ActiveCfg = Debug|x64
		{274B874F-49A9-4307-B08B-66D92EE6B3DF}.Debug|x64.Build.0 = Debug|x64
		{274B874F-49A9-4307-B08B-66D92EE6B3DF}.Debug|x86.ActiveCfg = Debug|Win32
		{274B874F-49A9-4307-B08B-66D92EE6B3DF}.Debug|x86.Build.0 = Debug|Win32
		{274B874F-49A9-4307-B08B-66D92EE6B3DF}.Release|x64.ActiveCfg = Release|x64
		{274B874F-49A9-4307-B08B-66D92EE6B3DF}.Release|x64.Build.0 = Release|x64
		{274B874F-49A9-4307-B08B-66D92EE6B3DF}.Release|x86.ActiveCfg = Release|Win32
		{274B874F-49A9-4307-B08B-66D92EE6B3DF}.Release|x86.Build.0 = Release|Win32
		{71259DB3-D1D1-4EC8-8978-928A246C4F3D}.Debug|x64.ActiveCfg = Debug|x64
		{71259DB3-D1D1-4EC8-8978-928A246C4F3D}.Debug|x64.Build.0 = Debug|x64
		{71259DB3-D1D1-4EC8-8978-928A246C4F3D}.Debug|x86.ActiveCfg = Debug|Win32
		{71259DB3-D1D1-4EC8-8978-928A246C4F3D}.Debug|x86.Build.0 = Debug|Win32
		{71259DB3-D1D1-4EC8-8978-928A246C4F3D}.Release|x64.ActiveCfg = Release|x64
		{71259DB3-D1D1-4EC8-8978-928A246C4F3D}.Release|x64.Build.0 = Release|x64
		{71259DB3-D1D1-4EC8-8978-928A246C4F3D}.Release|x86.ActiveCfg = Release|Win32
		{71259DB3-D1D1-4EC8-8978-928A246C4F3D}.Release|x86.Build.0 = Release|Win32
		{631762BD-E302-4578-9175-08CADBB751A1}.Debug|x64.ActiveCfg = Debug|x64
		{631762BD-E302-4578-9175-08CADBB751A1}.Debug|x64.Build.0 = Debug|x64
		{631762BD-E302-4578-9175-08CADBB751A1}.Debug|x86.ActiveCfg = Debug|Win32
		{631762BD-E302-4578-9175-08CADBB751A1}.Debug|x86.Build.0 = Debug|Win32
		{631762BD-E302-4578-9175-08CADBB751A1}.Release|x64.ActiveCfg = Release|x64
		{631762BD-E302-4578-9175-08CADBB751A1}.Release|x64.Build.0 = Release|x64
		{631762BD-E302-4578-9175-08CADBB751A1}.Release|x86.ActiveCfg = Release|Win32
		{631762BD-E302-4578-9175-08CADBB751A1}.Release|x86.Build.0 = Release|Win32
		{18EE4AA9-2154-4FC3-A1C3-AC402E2DC608}.Debug|x64.ActiveCfg = Debug|x64
		{18EE4AA9-2154-4FC3-A1C3-AC402E2DC608}.Debug|x64.Build.0 = Debug|x64
		{18EE4AA9-2154-4FC3-A1C3-AC402E2DC608}.Debug|x86.ActiveCfg = Debug|Win32
		{18EE4AA9-2154-4FC3-A1C3-AC402E2DC608}.Debug|x86.Build.0 = Debug|Win32
		{18EE4AA9-2154-4FC3-A1C3-AC402E2DC608}.Release|x64.ActiveCfg = Release|x64
		{18EE4AA9-2154-4FC3-A1C3-AC402E2DC608}.Release|x64.Build.0 = Release|x64
		{18EE4AA9-2154-4FC3-A1C3-AC402E2DC608}.Release|x86.ActiveCfg = Release|Win32
		{18EE4AA9-2154-4FC3-A1C3-AC402E2DC608}.Release|x86.Build.0 = Release|Win32
		{36590486-F9DD-4E46-9F62-08454FDA36CC}.Debug|x64.ActiveCfg = Debug|x64
		{36590486-F9DD-4E46-9F62-08454FDA36CC}.Debug|x64.Build.0 = Debug|x64
		{36590486-F9DD-4E46-9F62-08454FDA36CC}.Debug|x86.ActiveCfg = Debug|Win32
		{36590486-F9DD-4E46-9F62-08454FDA36CC}.Debug|x86.Build.0 = Debug|Win32
		{36590486-F9DD-4E46-9F62-08454FDA36CC}.Release|x64.ActiveCfg = Release|x64
		{36590486-F9DD-4E46-9F62-08454FDA36CC}.Release|x64.Build.0 = Release|x64
		{36590486-F9DD-4E46-9F62-08454FDA36CC}.Release|x86.ActiveCfg = Release|Win32
		{36590486-F9DD-4E46-9F62-08454FDA36CC}.Release|x86.Build.0 = Release|Win32
		{5112C45F-36CF-4534-A7DE-192615D402B1}.Debug|x64.ActiveCfg = Debug|x64
		{5112C45F-36CF-4534-A7DE-192615D402B1}.Debug|x64.Build.0 = Debug|x64
		{5112C45F-36CF-4534-A7DE-192615D402B1}.Debug|x86.ActiveCfg = Debug|Win32
		{5112C45F-36CF-4534-A7DE-192615D402B1}.Debug|x86.Build.0 = Debug|Win32
		{5112C45F-36CF-4534-A7DE-192615D402B1}.Release|x64.ActiveCfg = Release|x64
		{5112C45F-36CF-4534-A7DE-192615D402B1}.Release|x64.Build.0 = Release|x64
		{5112C45F-36CF-4534-A7DE-192615D402B1}.Release|x86.ActiveCfg = Release|Win32
		{5112C45F-36CF-4534-A7DE-192615D402B1}.Release|x86.Build.0 = Release|Win32
		{56E06242-BD8B-479E-B971-753F18F5455E}.Debug|x64.ActiveCfg = Debug|x64
		{56E06242-BD8B-479E-B971-753F18F5455E}.Debug|x64.Build.0 = Debug|x64
		{56E06242-BD8B-479E-B971-753F18F5455E}.Debug|x86.ActiveCfg = Debug|Win32
		{56E06242-BD8B-479E-B971-753F18F5455E}.Debug|x86.Build.0 = Debug|Win32
		{56E06242-BD8B-479E-B971-753F18F5455E}.Release|x64.ActiveCfg = Release|x64
		{56E06242-BD8B-479E-B971-753F18F5455E}.Release|x64.Build.0 = Release|x64
		{56E06242-BD8B-479E-B971-753F18F5455E}.Release|x86.ActiveCfg = Release|Win32
		{56E06242-BD8B-479E-B971-753F18F5455E}.Release|x86.Build.0 = Release|Win32
	EndGlobalSection
	GlobalSection(SolutionProperties) = preSolution
		HideSolutionNode = FALSE
	EndGlobalSection
	GlobalSection(NestedProjects) = preSolution
		{9A4AF89E-9E8B-4765-8A9E-F2F3BFF9DB90} = {9B53AAB2-CDC9-4FDB-BA73-6D895469F497}
		{BDE5E8DF-8C2E-40A6-B5DE-32162575F186} = {4881E7BE-6620-4CD2-B084-878E44F6F00C}
		{F09B0063-42F8-4973-ACA6-B6D6BFCE9948} = {EFC8890B-A20B-40F3-ACA1-4D91FA786434}
		{26A7854A-1492-461E-90DD-5A48085E3B23} = {EFC8890B-A20B-40F3-ACA1-4D91FA786434}
		{63D06CED-3E74-4BDE-9AC7-473AF67B5BE1} = {EFC8890B-A20B-40F3-ACA1-4D91FA786434}
		{71667551-DC89-4E91-B409-EC47AE10CC12} = {EFC8890B-A20B-40F3-ACA1-4D91FA786434}
		{96BEAE7E-44A5-4776-B4F9-E34060A0BA06} = {19F6442B-8965-4B63-A1FF-65B788A01D50}
		{896A2015-1F91-477B-8BC2-E9A197B90B35} = {0D6B5BE7-C733-4030-B43C-C1339BE5ED54}
		{9E73D964-1EDB-47B6-A890-10EAA59D6E80} = {19F6442B-8965-4B63-A1FF-65B788A01D50}
		{4F86BA40-6F90-4D32-9877-FE9177D3008D} = {19F6442B-8965-4B63-A1FF-65B788A01D50}
		{E639FF92-E091-47FE-BB94-BD96182DBB27} = {0D6B5BE7-C733-4030-B43C-C1339BE5ED54}
		{BCFAA29B-FDB4-449A-ADA0-8A5285C05BF1} = {0D6B5BE7-C733-4030-B43C-C1339BE5ED54}
		{96319FBD-9112-4C33-9BD9-6D81ED3A7BBE} = {0D6B5BE7-C733-4030-B43C-C1339BE5ED54}
		{33B06998-AD0F-4A42-94D7-B7E1523E941B} = {0D6B5BE7-C733-4030-B43C-C1339BE5ED54}
		{A369D3E0-6935-4F7F-A544-592B2854D637} = {0D6B5BE7-C733-4030-B43C-C1339BE5ED54}
		{15190EBB-0268-4F18-A947-C6C199AD51C6} = {0D6B5BE7-C733-4030-B43C-C1339BE5ED54}
		{8C1782D2-3F29-4A07-BD68-0CFF7A07EFEF} = {0D6B5BE7-C733-4030-B43C-C1339BE5ED54}
		{9894A744-7A2F-40D7-A25A-FD703946510F} = {0D6B5BE7-C733-4030-B43C-C1339BE5ED54}
		{0DF857D2-0FB1-4CD2-81D9-CBE403294F34} = {0D6B5BE7-C733-4030-B43C-C1339BE5ED54}
		{445AA14D-9340-4BBF-804E-1839FB772172} = {0D6B5BE7-C733-4030-B43C-C1339BE5ED54}
		{888DF294-5C86-4DDD-B9DD-E9D4F082CED0} = {0D6B5BE7-C733-4030-B43C-C1339BE5ED54}
		{8E5B6EE0-8583-4CD4-A493-E6E886CF9A22} = {0D6B5BE7-C733-4030-B43C-C1339BE5ED54}
		{3D057DD3-4AD3-4B54-B34A-3970D6BE2E52} = {0D6B5BE7-C733-4030-B43C-C1339BE5ED54}
		{36930512-6F65-4327-BAC7-C1F051E734E7} = {0D6B5BE7-C733-4030-B43C-C1339BE5ED54}
		{A94E99A0-D68C-41A8-B049-D714950E393F} = {8E2B248B-D170-4944-A480-BF811C8A2CC3}
		{FD212360-85F9-4305-A35F-9F21BEF264C5} = {8E2B248B-D170-4944-A480-BF811C8A2CC3}
		{42E6D1F2-1D26-42F7-A120-6CB61FEB4A9F} = {8E2B248B-D170-4944-A480-BF811C8A2CC3}
		{F07BE240-C5B7-40F4-8A1A-F4543663A923} = {8E2B248B-D170-4944-A480-BF811C8A2CC3}
		{927BFC09-AB02-4848-89C2-CA22809613EF} = {8E2B248B-D170-4944-A480-BF811C8A2CC3}
		{0A4BAC48-4CCA-4A25-95C4-4B152CA0542B} = {8E2B248B-D170-4944-A480-BF811C8A2CC3}
		{274B874F-49A9-4307-B08B-66D92EE6B3DF} = {8E2B248B-D170-4944-A480-BF811C8A2CC3}
		{71259DB3-D1D1-4EC8-8978-928A246C4F3D} = {A0B4E6B0-6D02-4338-931A-0B474959A5ED}
		{631762BD-E302-4578-9175-08CADBB751A1} = {A0B4E6B0-6D02-4338-931A-0B474959A5ED}
		{18EE4AA9-2154-4FC3-A1C3-AC402E2DC608} = {A0B4E6B0-6D02-4338-931A-0B474959A5ED}
		{36590486-F9DD-4E46-9F62-08454FDA36CC} = {A0B4E6B0-6D02-4338-931A-0B474959A5ED}
		{5112C45F-36CF-4534-A7DE-192615D402B1} = {A0B4E6B0-6D02-4338-931A-0B474959A5ED}
	EndGlobalSection
	GlobalSection(ExtensibilityGlobals) = postSolution
		SolutionGuid = {3D7600A4-5696-416B-908B-E38292A6D92D}
	EndGlobalSection
EndGlobal
